// !$*UTF8*$!
{
	archiveVersion = 1;
	classes = {
	};
	objectVersion = 56;
	objects = {

/* Begin PBXBuildFile section */
		03517A4B677A59C3A0A4C00F /* PoseEngine.swift in Sources */ = {isa = PBXBuildFile; fileRef = 43AF97C009AF5DB4A97FC712 /* PoseEngine.swift */; };
		049C79C27534583AAF41ACDF /* Json.swift in Sources */ = {isa = PBXBuildFile; fileRef = 9B3050B96F4E57C8AB97E530 /* Json.swift */; };
		0830F396970F5144AC4F9CDF /* SportsMath.swift in Sources */ = {isa = PBXBuildFile; fileRef = D306AC73CF435B78803B24B4 /* SportsMath.swift */; };
		0D132FE7711F5836B154C879 /* Curriculum.swift in Sources */ = {isa = PBXBuildFile; fileRef = ACC46D83465D5E62AC10BA70 /* Curriculum.swift */; };
		0F651CDC1C115A1DA3B506FE /* PoseFilter.swift in Sources */ = {isa = PBXBuildFile; fileRef = E695489866845A758E43E4F9 /* PoseFilter.swift */; };
		1971399BC17552D0B6510513 /* SkillTreeLayout.swift in Sources */ = {isa = PBXBuildFile; fileRef = D4102EC3603055C1BE699CD6 /* SkillTreeLayout.swift */; };
		1C7336CFA4E05B03900E92F6 /* ScoreRingView.swift in Sources */ = {isa = PBXBuildFile; fileRef = 1BC31DB1FDA2557599BACCF3 /* ScoreRingView.swift */; };
		272C2943FFF457C0B07C24C4 /* ClipRange.swift in Sources */ = {isa = PBXBuildFile; fileRef = 733DAD079B3651BBA56168A8 /* ClipRange.swift */; };
		3278BCBB5A615AF9AF218677 /* Library.swift in Sources */ = {isa = PBXBuildFile; fileRef = 97D3AFA432DF5CB4AFF34652 /* Library.swift */; };
		37BB3389C11253DFAF34845E /* FloatingBackButton.swift in Sources */ = {isa = PBXBuildFile; fileRef = EF1696DB9C7A582BBF730D75 /* FloatingBackButton.swift */; };
		398E2D473E885C608EEB03F4 /* SeedCanvasView.swift in Sources */ = {isa = PBXBuildFile; fileRef = BA90585FAC465BA3BAFD1013 /* SeedCanvasView.swift */; };
		3B7978FF384654D4B1F6FB46 /* Theme.swift in Sources */ = {isa = PBXBuildFile; fileRef = CCF313A5A9C357B889072FAF /* Theme.swift */; };
		44F5E53DAB145B059FF9BB55 /* AppDelegate.swift in Sources */ = {isa = PBXBuildFile; fileRef = B68568F8AE62513CB829C923 /* AppDelegate.swift */; };
		459D001FF51C522580C0CCA6 /* PrepareViewController.swift in Sources */ = {isa = PBXBuildFile; fileRef = CDBDB052A912549A8BFE6EBC /* PrepareViewController.swift */; };
		4D1F51A93D0A55E7A7C916EE /* CoreLogicTests.swift in Sources */ = {isa = PBXBuildFile; fileRef = C640C072DC4459DD9256149A /* CoreLogicTests.swift */; };
		4D8166728D07592EB4AC6CE6 /* I18n.swift in Sources */ = {isa = PBXBuildFile; fileRef = AF221F4B52655978A0CB6CA7 /* I18n.swift */; };
		56115D74CB305E508ED6510F /* ListViewController.swift in Sources */ = {isa = PBXBuildFile; fileRef = 93F35AA0B71B5D58A18B2152 /* ListViewController.swift */; };
		57DECFBABF565166BBDD94B5 /* FrameFeedback.swift in Sources */ = {isa = PBXBuildFile; fileRef = 60F9B3E5144252B3A0B7BA52 /* FrameFeedback.swift */; };
		59E17355CB15500D928C37EB /* PlayerViewController.swift in Sources */ = {isa = PBXBuildFile; fileRef = B34D4279EB815EED86BD64C4 /* PlayerViewController.swift */; };
		60571104ADC3519DA9954458 /* Posture.swift in Sources */ = {isa = PBXBuildFile; fileRef = E466B2121925585AB8F26344 /* Posture.swift */; };
		61D7B0D9FAF1543F9FC45EAC /* Athletes.swift in Sources */ = {isa = PBXBuildFile; fileRef = 1F2DCD4967E7573E840B1A91 /* Athletes.swift */; };
		6D0AFF8666735726AA278D94 /* CoreMap.swift in Sources */ = {isa = PBXBuildFile; fileRef = 450E34C4A1F75AB59F4EB301 /* CoreMap.swift */; };
		6E581F5F6A5150AA921EBC59 /* Assess.swift in Sources */ = {isa = PBXBuildFile; fileRef = 02775652435551D08ACA7CAA /* Assess.swift */; };
		72BA63F1844E547291742A58 /* SportsSignals.swift in Sources */ = {isa = PBXBuildFile; fileRef = 449F490633845FE5A82785F2 /* SportsSignals.swift */; };
		7E3A8AE9477C5BD586E2ED72 /* RootViewController.swift in Sources */ = {isa = PBXBuildFile; fileRef = 692E4EF206E2546393BA2650 /* RootViewController.swift */; };
		8FF0A6F33B2D5232B2BACAC3 /* CaptureViewController.swift in Sources */ = {isa = PBXBuildFile; fileRef = FEEDBD2C149650E5A11EF99E /* CaptureViewController.swift */; };
		915E85C6D0FF55D9883EDE43 /* Icons.swift in Sources */ = {isa = PBXBuildFile; fileRef = AE8542B752D0556D97CF5494 /* Icons.swift */; };
		966DADD6634355409BA69ED3 /* OverlayMath.swift in Sources */ = {isa = PBXBuildFile; fileRef = EDC963F58EC65B409F1F8B3E /* OverlayMath.swift */; };
		980383A5E3555566A0AD85ED /* TimelineStripView.swift in Sources */ = {isa = PBXBuildFile; fileRef = 1D47A3B915B554D98672ECB6 /* TimelineStripView.swift */; };
		9FFC33877D24533B8B00090D /* Models.swift in Sources */ = {isa = PBXBuildFile; fileRef = 651844AFA5C257ACAA066D04 /* Models.swift */; };
		A0582564CFD7B9898EFF5D0F /* Pods_VisualPose.framework in Frameworks */ = {isa = PBXBuildFile; fileRef = 551BD35C62D2BFD06F1AF951 /* Pods_VisualPose.framework */; };
		A27BCDEADA43583AA94BFD20 /* PersonRoi.swift in Sources */ = {isa = PBXBuildFile; fileRef = 46F9BE0FB11552338FFABC47 /* PersonRoi.swift */; };
		A4C8515CFB055D39B3EA96A9 /* Assets.xcassets in Resources */ = {isa = PBXBuildFile; fileRef = CA4B5580CCA058D1981610E5 /* Assets.xcassets */; };
		A50E4ABCD86557069B2549EC /* PlayerStageView.swift in Sources */ = {isa = PBXBuildFile; fileRef = 144C3E5EC6145D348022C1DE /* PlayerStageView.swift */; };
		A98E90C2236E534BB66DC804 /* VideoPose.swift in Sources */ = {isa = PBXBuildFile; fileRef = C52DA0454F5F551D9A7E293E /* VideoPose.swift */; };
		AFEF983DAA675E19A609C4ED /* CoreJson.swift in Sources */ = {isa = PBXBuildFile; fileRef = 0CE2EF0FE016502297911DA1 /* CoreJson.swift */; };
		BA0D0BD20FFC5B91A0BD850F /* ScoreTimelineView.swift in Sources */ = {isa = PBXBuildFile; fileRef = B72067EE972C5D45AE0F302A /* ScoreTimelineView.swift */; };
		BA275B1E08545C9DAAE61CF9 /* core_map.c in Sources */ = {isa = PBXBuildFile; fileRef = DBA2805FE79C5F6BBD8FD1B3 /* core_map.c */; };
		C449284F2B3850C6B5E2B818 /* PoseMapper.swift in Sources */ = {isa = PBXBuildFile; fileRef = 448597D4B99F5FBBB5F918F1 /* PoseMapper.swift */; };
		C7EADCBE0B3C515B9C9151DE /* ReportPanelView.swift in Sources */ = {isa = PBXBuildFile; fileRef = 7A2FEFDBCF555B65A1BC6B83 /* ReportPanelView.swift */; };
		C80885E48E7050249C397618 /* PoseOverlayView.swift in Sources */ = {isa = PBXBuildFile; fileRef = 3DA5B853DD8D5EF19535924B /* PoseOverlayView.swift */; };
		D57CD1C8860151EB9526598E /* SkillTreeView.swift in Sources */ = {isa = PBXBuildFile; fileRef = 1A0313F4C07D5D6BA1D35E7B /* SkillTreeView.swift */; };
		D5A887C6791D508F9D5FCD0F /* AnalysisJson.swift in Sources */ = {isa = PBXBuildFile; fileRef = B70FD1FA33E0569F870DB721 /* AnalysisJson.swift */; };
		D7F70F43F57D532BB8B541DC /* TimelineMath.swift in Sources */ = {isa = PBXBuildFile; fileRef = C85159E2AD045C2A9A0CBFB1 /* TimelineMath.swift */; };
		E1F0A59B86915B4585D92071 /* PoseTimeline.swift in Sources */ = {isa = PBXBuildFile; fileRef = F423B432FC6F556ABB5060F3 /* PoseTimeline.swift */; };
		F5E09E41B9485B6096DCEB9A /* StageReport.swift in Sources */ = {isa = PBXBuildFile; fileRef = 75F867CCBD2F5D46AD723B95 /* StageReport.swift */; };
		F605D44EA82452529B2EAED2 /* PlayerExport.swift in Sources */ = {isa = PBXBuildFile; fileRef = 442D46FAB89C57DE91989567 /* PlayerExport.swift */; };
		F8A5F3EF8F7E5E40A38E7D67 /* PoseTrack.swift in Sources */ = {isa = PBXBuildFile; fileRef = 2B9ED11BF7F4560E9599A7C9 /* PoseTrack.swift */; };
/* End PBXBuildFile section */

/* Begin PBXFileReference section */
		02775652435551D08ACA7CAA /* Assess.swift */ = {isa = PBXFileReference; lastKnownFileType = sourcecode.swift; path = Assess.swift; sourceTree = "<group>"; };
		0CE2EF0FE016502297911DA1 /* CoreJson.swift */ = {isa = PBXFileReference; lastKnownFileType = sourcecode.swift; path = CoreJson.swift; sourceTree = "<group>"; };
		144C3E5EC6145D348022C1DE /* PlayerStageView.swift */ = {isa = PBXFileReference; lastKnownFileType = sourcecode.swift; path = PlayerStageView.swift; sourceTree = "<group>"; };
		1A0313F4C07D5D6BA1D35E7B /* SkillTreeView.swift */ = {isa = PBXFileReference; lastKnownFileType = sourcecode.swift; path = SkillTreeView.swift; sourceTree = "<group>"; };
		1BC31DB1FDA2557599BACCF3 /* ScoreRingView.swift */ = {isa = PBXFileReference; lastKnownFileType = sourcecode.swift; path = ScoreRingView.swift; sourceTree = "<group>"; };
		1D47A3B915B554D98672ECB6 /* TimelineStripView.swift */ = {isa = PBXFileReference; lastKnownFileType = sourcecode.swift; path = TimelineStripView.swift; sourceTree = "<group>"; };
		1F2DCD4967E7573E840B1A91 /* Athletes.swift */ = {isa = PBXFileReference; lastKnownFileType = sourcecode.swift; path = Athletes.swift; sourceTree = "<group>"; };
		205CD93283750CA9075658E1 /* Pods-VisualPose.release.xcconfig */ = {isa = PBXFileReference; includeInIndex = 1; lastKnownFileType = text.xcconfig; name = "Pods-VisualPose.release.xcconfig"; path = "Target Support Files/Pods-VisualPose/Pods-VisualPose.release.xcconfig"; sourceTree = "<group>"; };
		2B2D076422C65D339D11B9AD /* VisualPose.app */ = {isa = PBXFileReference; explicitFileType = wrapper.application; includeInIndex = 0; path = VisualPose.app; sourceTree = BUILT_PRODUCTS_DIR; };
		2B5423287EF5533B9B227609 /* Info.plist */ = {isa = PBXFileReference; lastKnownFileType = text.plist.xml; path = Info.plist; sourceTree = "<group>"; };
		2B9ED11BF7F4560E9599A7C9 /* PoseTrack.swift */ = {isa = PBXFileReference; lastKnownFileType = sourcecode.swift; path = PoseTrack.swift; sourceTree = "<group>"; };
		3DA5B853DD8D5EF19535924B /* PoseOverlayView.swift */ = {isa = PBXFileReference; lastKnownFileType = sourcecode.swift; path = PoseOverlayView.swift; sourceTree = "<group>"; };
		43AF97C009AF5DB4A97FC712 /* PoseEngine.swift */ = {isa = PBXFileReference; lastKnownFileType = sourcecode.swift; path = PoseEngine.swift; sourceTree = "<group>"; };
		442D46FAB89C57DE91989567 /* PlayerExport.swift */ = {isa = PBXFileReference; lastKnownFileType = sourcecode.swift; path = PlayerExport.swift; sourceTree = "<group>"; };
		448597D4B99F5FBBB5F918F1 /* PoseMapper.swift */ = {isa = PBXFileReference; lastKnownFileType = sourcecode.swift; path = PoseMapper.swift; sourceTree = "<group>"; };
		449F490633845FE5A82785F2 /* SportsSignals.swift */ = {isa = PBXFileReference; lastKnownFileType = sourcecode.swift; path = SportsSignals.swift; sourceTree = "<group>"; };
		450E34C4A1F75AB59F4EB301 /* CoreMap.swift */ = {isa = PBXFileReference; lastKnownFileType = sourcecode.swift; path = CoreMap.swift; sourceTree = "<group>"; };
		46F9BE0FB11552338FFABC47 /* PersonRoi.swift */ = {isa = PBXFileReference; lastKnownFileType = sourcecode.swift; path = PersonRoi.swift; sourceTree = "<group>"; };
		551BD35C62D2BFD06F1AF951 /* Pods_VisualPose.framework */ = {isa = PBXFileReference; explicitFileType = wrapper.framework; includeInIndex = 0; path = Pods_VisualPose.framework; sourceTree = BUILT_PRODUCTS_DIR; };
		60F9B3E5144252B3A0B7BA52 /* FrameFeedback.swift */ = {isa = PBXFileReference; lastKnownFileType = sourcecode.swift; path = FrameFeedback.swift; sourceTree = "<group>"; };
		618D05C93B1A579B8F89230A /* VisualPose-Bridging-Header.h */ = {isa = PBXFileReference; lastKnownFileType = sourcecode.c.h; path = "VisualPose-Bridging-Header.h"; sourceTree = "<group>"; };
		651844AFA5C257ACAA066D04 /* Models.swift */ = {isa = PBXFileReference; lastKnownFileType = sourcecode.swift; path = Models.swift; sourceTree = "<group>"; };
		692E4EF206E2546393BA2650 /* RootViewController.swift */ = {isa = PBXFileReference; lastKnownFileType = sourcecode.swift; path = RootViewController.swift; sourceTree = "<group>"; };
		702E1053D58550429FC70D8D /* VisualPoseTests.xctest */ = {isa = PBXFileReference; explicitFileType = wrapper.cfbundle; includeInIndex = 0; path = VisualPoseTests.xctest; sourceTree = BUILT_PRODUCTS_DIR; };
		733DAD079B3651BBA56168A8 /* ClipRange.swift */ = {isa = PBXFileReference; lastKnownFileType = sourcecode.swift; path = ClipRange.swift; sourceTree = "<group>"; };
		75F867CCBD2F5D46AD723B95 /* StageReport.swift */ = {isa = PBXFileReference; lastKnownFileType = sourcecode.swift; path = StageReport.swift; sourceTree = "<group>"; };
		7A2FEFDBCF555B65A1BC6B83 /* ReportPanelView.swift */ = {isa = PBXFileReference; lastKnownFileType = sourcecode.swift; path = ReportPanelView.swift; sourceTree = "<group>"; };
		93F35AA0B71B5D58A18B2152 /* ListViewController.swift */ = {isa = PBXFileReference; lastKnownFileType = sourcecode.swift; path = ListViewController.swift; sourceTree = "<group>"; };
		97D3AFA432DF5CB4AFF34652 /* Library.swift */ = {isa = PBXFileReference; lastKnownFileType = sourcecode.swift; path = Library.swift; sourceTree = "<group>"; };
		9B3050B96F4E57C8AB97E530 /* Json.swift */ = {isa = PBXFileReference; lastKnownFileType = sourcecode.swift; path = Json.swift; sourceTree = "<group>"; };
		ACC46D83465D5E62AC10BA70 /* Curriculum.swift */ = {isa = PBXFileReference; lastKnownFileType = sourcecode.swift; path = Curriculum.swift; sourceTree = "<group>"; };
		AE8542B752D0556D97CF5494 /* Icons.swift */ = {isa = PBXFileReference; lastKnownFileType = sourcecode.swift; path = Icons.swift; sourceTree = "<group>"; };
		AF221F4B52655978A0CB6CA7 /* I18n.swift */ = {isa = PBXFileReference; lastKnownFileType = sourcecode.swift; path = I18n.swift; sourceTree = "<group>"; };
		B34D4279EB815EED86BD64C4 /* PlayerViewController.swift */ = {isa = PBXFileReference; lastKnownFileType = sourcecode.swift; path = PlayerViewController.swift; sourceTree = "<group>"; };
		B68568F8AE62513CB829C923 /* AppDelegate.swift */ = {isa = PBXFileReference; lastKnownFileType = sourcecode.swift; path = AppDelegate.swift; sourceTree = "<group>"; };
		B70FD1FA33E0569F870DB721 /* AnalysisJson.swift */ = {isa = PBXFileReference; lastKnownFileType = sourcecode.swift; path = AnalysisJson.swift; sourceTree = "<group>"; };
		B72067EE972C5D45AE0F302A /* ScoreTimelineView.swift */ = {isa = PBXFileReference; lastKnownFileType = sourcecode.swift; path = ScoreTimelineView.swift; sourceTree = "<group>"; };
		BA90585FAC465BA3BAFD1013 /* SeedCanvasView.swift */ = {isa = PBXFileReference; lastKnownFileType = sourcecode.swift; path = SeedCanvasView.swift; sourceTree = "<group>"; };
		C52DA0454F5F551D9A7E293E /* VideoPose.swift */ = {isa = PBXFileReference; lastKnownFileType = sourcecode.swift; path = VideoPose.swift; sourceTree = "<group>"; };
		C640C072DC4459DD9256149A /* CoreLogicTests.swift */ = {isa = PBXFileReference; lastKnownFileType = sourcecode.swift; path = CoreLogicTests.swift; sourceTree = "<group>"; };
		C85159E2AD045C2A9A0CBFB1 /* TimelineMath.swift */ = {isa = PBXFileReference; lastKnownFileType = sourcecode.swift; path = TimelineMath.swift; sourceTree = "<group>"; };
		CA4B5580CCA058D1981610E5 /* Assets.xcassets */ = {isa = PBXFileReference; lastKnownFileType = folder.assetcatalog; path = Assets.xcassets; sourceTree = "<group>"; };
		CCF313A5A9C357B889072FAF /* Theme.swift */ = {isa = PBXFileReference; lastKnownFileType = sourcecode.swift; path = Theme.swift; sourceTree = "<group>"; };
		CDBDB052A912549A8BFE6EBC /* PrepareViewController.swift */ = {isa = PBXFileReference; lastKnownFileType = sourcecode.swift; path = PrepareViewController.swift; sourceTree = "<group>"; };
		D306AC73CF435B78803B24B4 /* SportsMath.swift */ = {isa = PBXFileReference; lastKnownFileType = sourcecode.swift; path = SportsMath.swift; sourceTree = "<group>"; };
		D4102EC3603055C1BE699CD6 /* SkillTreeLayout.swift */ = {isa = PBXFileReference; lastKnownFileType = sourcecode.swift; path = SkillTreeLayout.swift; sourceTree = "<group>"; };
		DBA2805FE79C5F6BBD8FD1B3 /* core_map.c */ = {isa = PBXFileReference; lastKnownFileType = sourcecode.c.c; name = core_map.c; path = ../../native/core_map/core_map.c; sourceTree = SOURCE_ROOT; };
		E466B2121925585AB8F26344 /* Posture.swift */ = {isa = PBXFileReference; lastKnownFileType = sourcecode.swift; path = Posture.swift; sourceTree = "<group>"; };
		E695489866845A758E43E4F9 /* PoseFilter.swift */ = {isa = PBXFileReference; lastKnownFileType = sourcecode.swift; path = PoseFilter.swift; sourceTree = "<group>"; };
		EDC963F58EC65B409F1F8B3E /* OverlayMath.swift */ = {isa = PBXFileReference; lastKnownFileType = sourcecode.swift; path = OverlayMath.swift; sourceTree = "<group>"; };
		EF1696DB9C7A582BBF730D75 /* FloatingBackButton.swift */ = {isa = PBXFileReference; lastKnownFileType = sourcecode.swift; path = FloatingBackButton.swift; sourceTree = "<group>"; };
		F423B432FC6F556ABB5060F3 /* PoseTimeline.swift */ = {isa = PBXFileReference; lastKnownFileType = sourcecode.swift; path = PoseTimeline.swift; sourceTree = "<group>"; };
		FB4C4BB2A70752A891748F63 /* core_map.h */ = {isa = PBXFileReference; lastKnownFileType = sourcecode.c.h; name = core_map.h; path = ../../native/core_map/core_map.h; sourceTree = SOURCE_ROOT; };
		FCDC2B9F6265AED6075A26F3 /* Pods-VisualPose.debug.xcconfig */ = {isa = PBXFileReference; includeInIndex = 1; lastKnownFileType = text.xcconfig; name = "Pods-VisualPose.debug.xcconfig"; path = "Target Support Files/Pods-VisualPose/Pods-VisualPose.debug.xcconfig"; sourceTree = "<group>"; };
		FEEDBD2C149650E5A11EF99E /* CaptureViewController.swift */ = {isa = PBXFileReference; lastKnownFileType = sourcecode.swift; path = CaptureViewController.swift; sourceTree = "<group>"; };
/* End PBXFileReference section */

/* Begin PBXFrameworksBuildPhase section */
		69AB19BADCB25A66BCCF13B7 /* Frameworks */ = {
			isa = PBXFrameworksBuildPhase;
			buildActionMask = 2147483647;
			files = (
				A0582564CFD7B9898EFF5D0F /* Pods_VisualPose.framework in Frameworks */,
			);
			runOnlyForDeploymentPostprocessing = 0;
		};
/* End PBXFrameworksBuildPhase section */

/* Begin PBXGroup section */
		04105ED8E07F8D5FC289BCBD /* Pods */ = {
			isa = PBXGroup;
			children = (
				FCDC2B9F6265AED6075A26F3 /* Pods-VisualPose.debug.xcconfig */,
				205CD93283750CA9075658E1 /* Pods-VisualPose.release.xcconfig */,
			);
			name = Pods;
			path = Pods;
			sourceTree = "<group>";
		};
		14783336FD1A56DCB4111101 /* core_map */ = {
			isa = PBXGroup;
			children = (
				DBA2805FE79C5F6BBD8FD1B3 /* core_map.c */,
				FB4C4BB2A70752A891748F63 /* core_map.h */,
			);
			name = core_map;
			sourceTree = "<group>";
		};
		B29DC138E721556AB1BF4604 = {
			isa = PBXGroup;
			children = (
				FA87492D0B445C83BB607F6F /* VisualPose */,
				C3FE2DBCF7A85AEA815658B5 /* VisualPoseTests */,
				14783336FD1A56DCB4111101 /* core_map */,
				04105ED8E07F8D5FC289BCBD /* Pods */,
				B2E53E851399F1C952AC69AC /* Frameworks */,
			);
			sourceTree = "<group>";
		};
		B2E53E851399F1C952AC69AC /* Frameworks */ = {
			isa = PBXGroup;
			children = (
				551BD35C62D2BFD06F1AF951 /* Pods_VisualPose.framework */,
			);
			name = Frameworks;
			sourceTree = "<group>";
		};
		C3FE2DBCF7A85AEA815658B5 /* VisualPoseTests */ = {
			isa = PBXGroup;
			children = (
				C640C072DC4459DD9256149A /* CoreLogicTests.swift */,
			);
			path = VisualPoseTests;
			sourceTree = "<group>";
		};
		FA87492D0B445C83BB607F6F /* VisualPose */ = {
			isa = PBXGroup;
			children = (
				B70FD1FA33E0569F870DB721 /* AnalysisJson.swift */,
				B68568F8AE62513CB829C923 /* AppDelegate.swift */,
				02775652435551D08ACA7CAA /* Assess.swift */,
				1F2DCD4967E7573E840B1A91 /* Athletes.swift */,
				FEEDBD2C149650E5A11EF99E /* CaptureViewController.swift */,
				733DAD079B3651BBA56168A8 /* ClipRange.swift */,
				0CE2EF0FE016502297911DA1 /* CoreJson.swift */,
				450E34C4A1F75AB59F4EB301 /* CoreMap.swift */,
				ACC46D83465D5E62AC10BA70 /* Curriculum.swift */,
				EF1696DB9C7A582BBF730D75 /* FloatingBackButton.swift */,
				60F9B3E5144252B3A0B7BA52 /* FrameFeedback.swift */,
				AF221F4B52655978A0CB6CA7 /* I18n.swift */,
				AE8542B752D0556D97CF5494 /* Icons.swift */,
				9B3050B96F4E57C8AB97E530 /* Json.swift */,
				97D3AFA432DF5CB4AFF34652 /* Library.swift */,
				93F35AA0B71B5D58A18B2152 /* ListViewController.swift */,
				651844AFA5C257ACAA066D04 /* Models.swift */,
				EDC963F58EC65B409F1F8B3E /* OverlayMath.swift */,
				46F9BE0FB11552338FFABC47 /* PersonRoi.swift */,
				442D46FAB89C57DE91989567 /* PlayerExport.swift */,
				144C3E5EC6145D348022C1DE /* PlayerStageView.swift */,
				B34D4279EB815EED86BD64C4 /* PlayerViewController.swift */,
				43AF97C009AF5DB4A97FC712 /* PoseEngine.swift */,
				E695489866845A758E43E4F9 /* PoseFilter.swift */,
				448597D4B99F5FBBB5F918F1 /* PoseMapper.swift */,
				3DA5B853DD8D5EF19535924B /* PoseOverlayView.swift */,
				F423B432FC6F556ABB5060F3 /* PoseTimeline.swift */,
				2B9ED11BF7F4560E9599A7C9 /* PoseTrack.swift */,
				E466B2121925585AB8F26344 /* Posture.swift */,
				CDBDB052A912549A8BFE6EBC /* PrepareViewController.swift */,
				7A2FEFDBCF555B65A1BC6B83 /* ReportPanelView.swift */,
				692E4EF206E2546393BA2650 /* RootViewController.swift */,
				1BC31DB1FDA2557599BACCF3 /* ScoreRingView.swift */,
				B72067EE972C5D45AE0F302A /* ScoreTimelineView.swift */,
				BA90585FAC465BA3BAFD1013 /* SeedCanvasView.swift */,
				D4102EC3603055C1BE699CD6 /* SkillTreeLayout.swift */,
				1A0313F4C07D5D6BA1D35E7B /* SkillTreeView.swift */,
				D306AC73CF435B78803B24B4 /* SportsMath.swift */,
				449F490633845FE5A82785F2 /* SportsSignals.swift */,
				75F867CCBD2F5D46AD723B95 /* StageReport.swift */,
				CCF313A5A9C357B889072FAF /* Theme.swift */,
				C85159E2AD045C2A9A0CBFB1 /* TimelineMath.swift */,
				1D47A3B915B554D98672ECB6 /* TimelineStripView.swift */,
				C52DA0454F5F551D9A7E293E /* VideoPose.swift */,
				2B5423287EF5533B9B227609 /* Info.plist */,
				CA4B5580CCA058D1981610E5 /* Assets.xcassets */,
				618D05C93B1A579B8F89230A /* VisualPose-Bridging-Header.h */,
			);
			path = VisualPose;
			sourceTree = "<group>";
		};
/* End PBXGroup section */

/* Begin PBXNativeTarget section */
		34640D94A0C15C359AF2A71C /* VisualPose */ = {
			isa = PBXNativeTarget;
			buildConfigurationList = 50A58A9EFD9C5FA28B84D93E /* Build configuration list for PBXNativeTarget "VisualPose" */;
			buildPhases = (
				895EEDA7A3BC55AE16494682 /* [CP] Check Pods Manifest.lock */,
				6FBD980ECA145BE5A57EE262 /* Copy shared assets */,
				10DE8A1C59B9528988DFD2B8 /* Sources */,
				69AB19BADCB25A66BCCF13B7 /* Frameworks */,
				F80FB1B246FE5AEAA51F1873 /* Resources */,
			);
			buildRules = (
			);
			dependencies = (
			);
			name = VisualPose;
			productName = VisualPose;
			productReference = 2B2D076422C65D339D11B9AD /* VisualPose.app */;
			productType = "com.apple.product-type.application";
		};
		F2034BD3BB6D5CDD9A553E8E /* VisualPoseTests */ = {
			isa = PBXNativeTarget;
			buildConfigurationList = 60AC4583857C563F9D818BE6 /* Build configuration list for PBXNativeTarget "VisualPoseTests" */;
			buildPhases = (
				1B880B8A91575A33BED2511A /* Sources */,
			);
			buildRules = (
			);
			dependencies = (
			);
			name = VisualPoseTests;
			productName = VisualPoseTests;
			productReference = 702E1053D58550429FC70D8D /* VisualPoseTests.xctest */;
			productType = "com.apple.product-type.bundle.unit-test";
		};
/* End PBXNativeTarget section */

/* Begin PBXProject section */
		2205760B18C950F4A19F885D /* Project object */ = {
			isa = PBXProject;
			attributes = {
				BuildIndependentTargetsInParallel = 1;
				LastSwiftUpdateCheck = 1600;
				LastUpgradeCheck = 1600;
			};
			buildConfigurationList = EBFAC4DFA74351A0BA0E60BC /* Build configuration list for PBXProject "VisualPose" */;
			compatibilityVersion = "Xcode 14.0";
			developmentRegion = en;
			hasScannedForEncodings = 0;
			knownRegions = (
				en,
				Base,
			);
			mainGroup = B29DC138E721556AB1BF4604;
			productRefGroup = B29DC138E721556AB1BF4604;
			projectDirPath = "";
			projectRoot = "";
			targets = (
				34640D94A0C15C359AF2A71C /* VisualPose */,
				F2034BD3BB6D5CDD9A553E8E /* VisualPoseTests */,
			);
		};
/* End PBXProject section */

/* Begin PBXResourcesBuildPhase section */
		F80FB1B246FE5AEAA51F1873 /* Resources */ = {
			isa = PBXResourcesBuildPhase;
			buildActionMask = 2147483647;
			files = (
				A4C8515CFB055D39B3EA96A9 /* Assets.xcassets in Resources */,
			);
			runOnlyForDeploymentPostprocessing = 0;
		};
/* End PBXResourcesBuildPhase section */

/* Begin PBXShellScriptBuildPhase section */
		6FBD980ECA145BE5A57EE262 /* Copy shared assets */ = {
			isa = PBXShellScriptBuildPhase;
			alwaysOutOfDate = 1;
			buildActionMask = 2147483647;
			files = (
			);
			inputPaths = (
			);
			name = "Copy shared assets";
			outputPaths = (
			);
			runOnlyForDeploymentPostprocessing = 0;
			shellPath = /bin/sh;
			shellScript = "ROOT=\"$SRCROOT/../..\"; DEST=\"$BUILT_PRODUCTS_DIR/$UNLOCALIZED_RESOURCES_FOLDER_PATH\"; cp -f \"$ROOT/locales/strings.json\" \"$DEST/strings.json\"; cp -f \"$ROOT/content/ski/curriculum.v2.json\" \"$DEST/curriculum.v2.json\"; cp -f \"$ROOT/models/pose_landmarker_full.task\" \"$DEST/pose_landmarker_full.task\";\n";
		};
		895EEDA7A3BC55AE16494682 /* [CP] Check Pods Manifest.lock */ = {
			isa = PBXShellScriptBuildPhase;
			buildActionMask = 2147483647;
			files = (
			);
			inputFileListPaths = (
			);
			inputPaths = (
				"${PODS_PODFILE_DIR_PATH}/Podfile.lock",
				"${PODS_ROOT}/Manifest.lock",
			);
			name = "[CP] Check Pods Manifest.lock";
			outputFileListPaths = (
			);
			outputPaths = (
				"$(DERIVED_FILE_DIR)/Pods-VisualPose-checkManifestLockResult.txt",
			);
			runOnlyForDeploymentPostprocessing = 0;
			shellPath = /bin/sh;
			shellScript = "diff \"${PODS_PODFILE_DIR_PATH}/Podfile.lock\" \"${PODS_ROOT}/Manifest.lock\" > /dev/null\nif [ $? != 0 ] ; then\n    # print error to STDERR\n    echo \"error: The sandbox is not in sync with the Podfile.lock. Run 'pod install' or update your CocoaPods installation.\" >&2\n    exit 1\nfi\n# This output is used by Xcode 'outputs' to avoid re-running this script phase.\necho \"SUCCESS\" > \"${SCRIPT_OUTPUT_FILE_0}\"\n";
			showEnvVarsInLog = 0;
		};
/* End PBXShellScriptBuildPhase section */

/* Begin PBXSourcesBuildPhase section */
		10DE8A1C59B9528988DFD2B8 /* Sources */ = {
			isa = PBXSourcesBuildPhase;
			buildActionMask = 2147483647;
			files = (
				D5A887C6791D508F9D5FCD0F /* AnalysisJson.swift in Sources */,
				44F5E53DAB145B059FF9BB55 /* AppDelegate.swift in Sources */,
				6E581F5F6A5150AA921EBC59 /* Assess.swift in Sources */,
				61D7B0D9FAF1543F9FC45EAC /* Athletes.swift in Sources */,
				8FF0A6F33B2D5232B2BACAC3 /* CaptureViewController.swift in Sources */,
				272C2943FFF457C0B07C24C4 /* ClipRange.swift in Sources */,
				AFEF983DAA675E19A609C4ED /* CoreJson.swift in Sources */,
				6D0AFF8666735726AA278D94 /* CoreMap.swift in Sources */,
				0D132FE7711F5836B154C879 /* Curriculum.swift in Sources */,
				37BB3389C11253DFAF34845E /* FloatingBackButton.swift in Sources */,
				57DECFBABF565166BBDD94B5 /* FrameFeedback.swift in Sources */,
				4D8166728D07592EB4AC6CE6 /* I18n.swift in Sources */,
				915E85C6D0FF55D9883EDE43 /* Icons.swift in Sources */,
				049C79C27534583AAF41ACDF /* Json.swift in Sources */,
				3278BCBB5A615AF9AF218677 /* Library.swift in Sources */,
				56115D74CB305E508ED6510F /* ListViewController.swift in Sources */,
				9FFC33877D24533B8B00090D /* Models.swift in Sources */,
				966DADD6634355409BA69ED3 /* OverlayMath.swift in Sources */,
				A27BCDEADA43583AA94BFD20 /* PersonRoi.swift in Sources */,
				F605D44EA82452529B2EAED2 /* PlayerExport.swift in Sources */,
				A50E4ABCD86557069B2549EC /* PlayerStageView.swift in Sources */,
				59E17355CB15500D928C37EB /* PlayerViewController.swift in Sources */,
				03517A4B677A59C3A0A4C00F /* PoseEngine.swift in Sources */,
				0F651CDC1C115A1DA3B506FE /* PoseFilter.swift in Sources */,
				C449284F2B3850C6B5E2B818 /* PoseMapper.swift in Sources */,
				C80885E48E7050249C397618 /* PoseOverlayView.swift in Sources */,
				E1F0A59B86915B4585D92071 /* PoseTimeline.swift in Sources */,
				F8A5F3EF8F7E5E40A38E7D67 /* PoseTrack.swift in Sources */,
				60571104ADC3519DA9954458 /* Posture.swift in Sources */,
				459D001FF51C522580C0CCA6 /* PrepareViewController.swift in Sources */,
				C7EADCBE0B3C515B9C9151DE /* ReportPanelView.swift in Sources */,
				7E3A8AE9477C5BD586E2ED72 /* RootViewController.swift in Sources */,
				1C7336CFA4E05B03900E92F6 /* ScoreRingView.swift in Sources */,
				BA0D0BD20FFC5B91A0BD850F /* ScoreTimelineView.swift in Sources */,
				398E2D473E885C608EEB03F4 /* SeedCanvasView.swift in Sources */,
				1971399BC17552D0B6510513 /* SkillTreeLayout.swift in Sources */,
				D57CD1C8860151EB9526598E /* SkillTreeView.swift in Sources */,
				0830F396970F5144AC4F9CDF /* SportsMath.swift in Sources */,
				72BA63F1844E547291742A58 /* SportsSignals.swift in Sources */,
				F5E09E41B9485B6096DCEB9A /* StageReport.swift in Sources */,
				3B7978FF384654D4B1F6FB46 /* Theme.swift in Sources */,
				D7F70F43F57D532BB8B541DC /* TimelineMath.swift in Sources */,
				980383A5E3555566A0AD85ED /* TimelineStripView.swift in Sources */,
				A98E90C2236E534BB66DC804 /* VideoPose.swift in Sources */,
				BA275B1E08545C9DAAE61CF9 /* core_map.c in Sources */,
			);
			runOnlyForDeploymentPostprocessing = 0;
		};
		1B880B8A91575A33BED2511A /* Sources */ = {
			isa = PBXSourcesBuildPhase;
			buildActionMask = 2147483647;
			files = (
				4D1F51A93D0A55E7A7C916EE /* CoreLogicTests.swift in Sources */,
			);
			runOnlyForDeploymentPostprocessing = 0;
		};
/* End PBXSourcesBuildPhase section */

/* Begin XCBuildConfiguration section */
		2639957D33745D5C8E6094F9 /* Release */ = {
			isa = XCBuildConfiguration;
			buildSettings = {
				ALWAYS_SEARCH_USER_PATHS = NO;
				CLANG_ENABLE_MODULES = YES;
				CLANG_ENABLE_OBJC_ARC = YES;
				IPHONEOS_DEPLOYMENT_TARGET = 16.0;
				SDKROOT = iphoneos;
				SWIFT_VERSION = 5.0;
			};
			name = Release;
		};
		8C693C11EA5E581885697F8A /* Release */ = {
			isa = XCBuildConfiguration;
			baseConfigurationReference = 205CD93283750CA9075658E1 /* Pods-VisualPose.release.xcconfig */;
			buildSettings = {
				ASSETCATALOG_COMPILER_APPICON_NAME = AppIcon;
				CODE_SIGNING_ALLOWED = NO;
				CODE_SIGNING_REQUIRED = NO;
				CODE_SIGN_IDENTITY = "";
				CODE_SIGN_STYLE = Manual;
				CURRENT_PROJECT_VERSION = 1;
				GENERATE_INFOPLIST_FILE = NO;
				HEADER_SEARCH_PATHS = "$(SRCROOT)/../../native/core_map";
				INFOPLIST_FILE = VisualPose/Info.plist;
				LD_RUNPATH_SEARCH_PATHS = (
					"$(inherited)",
					"@executable_path/Frameworks",
				);
				MARKETING_VERSION = 0.1.0;
				PRODUCT_BUNDLE_IDENTIFIER = local.visual.corepose;
				PRODUCT_NAME = "$(TARGET_NAME)";
				PROVISIONING_PROFILE_SPECIFIER = "";
				SWIFT_EMIT_LOC_STRINGS = NO;
				SWIFT_OBJC_BRIDGING_HEADER = "VisualPose/VisualPose-Bridging-Header.h";
				SWIFT_VERSION = 5.0;
				TARGETED_DEVICE_FAMILY = 1;
			};
			name = Release;
		};
		9F1ABA41B1DA58AD8F2D6098 /* Debug */ = {
			isa = XCBuildConfiguration;
			buildSettings = {
				BUNDLE_LOADER = "$(TEST_HOST)";
				CODE_SIGN_STYLE = Automatic;
				GENERATE_INFOPLIST_FILE = YES;
				HEADER_SEARCH_PATHS = "$(SRCROOT)/../../native/core_map";
				IPHONEOS_DEPLOYMENT_TARGET = 16.0;
				PRODUCT_BUNDLE_IDENTIFIER = local.visual.corepose.tests;
				PRODUCT_NAME = "$(TARGET_NAME)";
				SWIFT_VERSION = 5.0;
				TARGETED_DEVICE_FAMILY = 1;
				TEST_HOST = "$(BUILT_PRODUCTS_DIR)/VisualPose.app/$(BUNDLE_EXECUTABLE_FOLDER_PATH)/VisualPose";
			};
			name = Debug;
		};
		B60B7FCA99595A95A65F29EF /* Debug */ = {
			isa = XCBuildConfiguration;
			baseConfigurationReference = FCDC2B9F6265AED6075A26F3 /* Pods-VisualPose.debug.xcconfig */;
			buildSettings = {
				ASSETCATALOG_COMPILER_APPICON_NAME = AppIcon;
				CODE_SIGNING_ALLOWED = NO;
				CODE_SIGNING_REQUIRED = NO;
				CODE_SIGN_IDENTITY = "";
				CODE_SIGN_STYLE = Manual;
				CURRENT_PROJECT_VERSION = 1;
				GENERATE_INFOPLIST_FILE = NO;
				HEADER_SEARCH_PATHS = "$(SRCROOT)/../../native/core_map";
				INFOPLIST_FILE = VisualPose/Info.plist;
				LD_RUNPATH_SEARCH_PATHS = (
					"$(inherited)",
					"@executable_path/Frameworks",
				);
				MARKETING_VERSION = 0.1.0;
				PRODUCT_BUNDLE_IDENTIFIER = local.visual.corepose;
				PRODUCT_NAME = "$(TARGET_NAME)";
				PROVISIONING_PROFILE_SPECIFIER = "";
				SWIFT_EMIT_LOC_STRINGS = NO;
				SWIFT_OBJC_BRIDGING_HEADER = "VisualPose/VisualPose-Bridging-Header.h";
				SWIFT_OPTIMIZATION_LEVEL = "-Onone";
				SWIFT_VERSION = 5.0;
				TARGETED_DEVICE_FAMILY = 1;
			};
			name = Debug;
		};
		DEFB63AE6FBA5111AF671ABE /* Debug */ = {
			isa = XCBuildConfiguration;
			buildSettings = {
				ALWAYS_SEARCH_USER_PATHS = NO;
				CLANG_ENABLE_MODULES = YES;
				CLANG_ENABLE_OBJC_ARC = YES;
				IPHONEOS_DEPLOYMENT_TARGET = 16.0;
				SDKROOT = iphoneos;
				SWIFT_VERSION = 5.0;
			};
			name = Debug;
		};
/* End XCBuildConfiguration section */

/* Begin XCConfigurationList section */
		50A58A9EFD9C5FA28B84D93E /* Build configuration list for PBXNativeTarget "VisualPose" */ = {
			isa = XCConfigurationList;
			buildConfigurations = (
				B60B7FCA99595A95A65F29EF /* Debug */,
				8C693C11EA5E581885697F8A /* Release */,
			);
			defaultConfigurationIsVisible = 0;
			defaultConfigurationName = Release;
		};
		60AC4583857C563F9D818BE6 /* Build configuration list for PBXNativeTarget "VisualPoseTests" */ = {
			isa = XCConfigurationList;
			buildConfigurations = (
				9F1ABA41B1DA58AD8F2D6098 /* Debug */,
			);
			defaultConfigurationIsVisible = 0;
			defaultConfigurationName = Release;
		};
		EBFAC4DFA74351A0BA0E60BC /* Build configuration list for PBXProject "VisualPose" */ = {
			isa = XCConfigurationList;
			buildConfigurations = (
				DEFB63AE6FBA5111AF671ABE /* Debug */,
				2639957D33745D5C8E6094F9 /* Release */,
			);
			defaultConfigurationIsVisible = 0;
			defaultConfigurationName = Release;
		};
/* End XCConfigurationList section */
	};
	rootObject = 2205760B18C950F4A19F885D /* Project object */;
}
